
Microsoft Visual Studio Solution File, Format Version 12.00
# Visual Studio Version 17
VisualStudioVersion = 17.8.34330.188
MinimumVisualStudioVersion = 10.0.40219.1
Project("{FAE04EC0-301F-11D3-BF4B-00C04F79EFBC}") = "CMS.WebApp", "CMS.WebApp\CMS.WebApp.csproj", "{BD74D7C8-25F4-4337-B1D5-F1609BB87F7B}"
EndProject
Global
	GlobalSection(SolutionConfigurationPlatforms) = preSolution
		Debug|Any CPU = Debug|Any CPU
		Release|Any CPU = Release|Any CPU
	EndGlobalSection
	GlobalSection(ProjectConfigurationPlatforms) = postSolution
		{BD74D7C8-25F4-4337-B1D5-F1609BB87F7B}.Debug|Any CPU.ActiveCfg = Debug|Any CPU
		{BD74D7C8-25F4-4337-B1D5-F1609BB87F7B}.Debug|Any CPU.Build.0 = Debug|Any CPU
		{BD74D7C8-25F4-4337-B1D5-F1609BB87F7B}.Release|Any CPU.ActiveCfg = Release|Any CPU
		{BD74D7C8-25F4-4337-B1D5-F1609BB87F7B}.Release|Any CPU.Build.0 = Release|Any CPU
	EndGlobalSection
	GlobalSection(SolutionProperties) = preSolution
		HideSolutionNode = FALSE
	EndGlobalSection
	GlobalSection(ExtensibilityGlobals) = postSolution
		SolutionGuid = {E9F7B61E-0B34-4565-A10B-308B81A58BFF}
	EndGlobalSection
EndGlobal
